
Microsoft Visual Studio Solution File, Format Version 12.00
# Visual Studio Version 16
VisualStudioVersion = 16.0.30907.101
MinimumVisualStudioVersion = 10.0.40219.1
Project("{9A19103F-16F7-4668-BE54-9A1E7A4F7556}") = "DrawIt", "DrawIt.csproj", "{409085FD-442E-44AB-AEF8-24AABBFABA94}"
EndProject
Project("{9A19103F-16F7-4668-BE54-9A1E7A4F7556}") = "Sketch", "..\Sketch\Sketch.csproj", "{B6A386A0-75BB-4958-A883-71D0FF83EDAC}"
EndProject
Project("{9A19103F-16F7-4668-BE54-9A1E7A4F7556}") = "Sketch.Test", "..\Sketch.Test\Sketch.Test.csproj", "{3C827DF3-D4B5-492E-9227-94AB486AC4B2}"
EndProject
Global
	GlobalSection(SolutionConfigurationPlatforms) = preSolution
		Debug|Any CPU = Debug|Any CPU
		Release|Any CPU = Release|Any CPU
	EndGlobalSection
	GlobalSection(ProjectConfigurationPlatforms) = postSolution
		{409085FD-442E-44AB-AEF8-24AABBFABA94}.Debug|Any CPU.ActiveCfg = Debug|Any CPU
		{409085FD-442E-44AB-AEF8-24AABBFABA94}.Debug|Any CPU.Build.0 = Debug|Any CPU
		{409085FD-442E-44AB-AEF8-24AABBFABA94}.Release|Any CPU.ActiveCfg = Release|Any CPU
		{409085FD-442E-44AB-AEF8-24AABBFABA94}.Release|Any CPU.Build.0 = Release|Any CPU
		{B6A386A0-75BB-4958-A883-71D0FF83EDAC}.Debug|Any CPU.ActiveCfg = Debug|Any CPU
		{B6A386A0-75BB-4958-A883-71D0FF83EDAC}.Debug|Any CPU.Build.0 = Debug|Any CPU
		{B6A386A0-75BB-4958-A883-71D0FF83EDAC}.Release|Any CPU.ActiveCfg = Release|Any CPU
		{B6A386A0-75BB-4958-A883-71D0FF83EDAC}.Release|Any CPU.Build.0 = Release|Any CPU
		{3C827DF3-D4B5-492E-9227-94AB486AC4B2}.Debug|Any CPU.ActiveCfg = Debug|Any CPU
		{3C827DF3-D4B5-492E-9227-94AB486AC4B2}.Debug|Any CPU.Build.0 = Debug|Any CPU
		{3C827DF3-D4B5-492E-9227-94AB486AC4B2}.Release|Any CPU.ActiveCfg = Release|Any CPU
		{3C827DF3-D4B5-492E-9227-94AB486AC4B2}.Release|Any CPU.Build.0 = Release|Any CPU
	EndGlobalSection
	GlobalSection(SolutionProperties) = preSolution
		HideSolutionNode = FALSE
	EndGlobalSection
	GlobalSection(ExtensibilityGlobals) = postSolution
		SolutionGuid = {226CB9C8-A0A7-415E-998A-1851ADEEE2B6}
	EndGlobalSection
EndGlobal
